
Microsoft Visual Studio Solution File, Format Version 12.00
# Visual Studio 15
VisualStudioVersion = 15.0.28307.271
MinimumVisualStudioVersion = 10.0.40219.1
Project("{FAE04EC0-301F-11D3-BF4B-00C04F79EFBC}") = "MSIX-Toolkit", "MSIX-Toolkit\MSIX-Toolkit.csproj", "{7D316FB7-ADA1-4307-8789-3E0F00DDDE13}"
EndProject
Project("{FAE04EC0-301F-11D3-BF4B-00C04F79EFBC}") = "Compare-Package-Visualizer", "Compare-Package-Visualizer\Compare-Package-Visualizer.csproj", "{67693435-D373-4A24-9AE9-5D7705863F1A}"
EndProject
Project("{FAE04EC0-301F-11D3-BF4B-00C04F79EFBC}") = "AppInstaller-File-Generator", "AppInstaller-File-Generator\AppInstaller-File-Generator.csproj", "{471C5A0C-3AF8-4791-88F5-3EF400B28B76}"
EndProject
Global
	GlobalSection(SolutionConfigurationPlatforms) = preSolution
		Debug|ARM = Debug|ARM
		Debug|ARM64 = Debug|ARM64
		Debug|x64 = Debug|x64
		Debug|x86 = Debug|x86
		Release|ARM = Release|ARM
		Release|ARM64 = Release|ARM64
		Release|x64 = Release|x64
		Release|x86 = Release|x86
	EndGlobalSection
	GlobalSection(ProjectConfigurationPlatforms) = postSolution
		{7D316FB7-ADA1-4307-8789-3E0F00DDDE13}.Debug|ARM.ActiveCfg = Debug|ARM
		{7D316FB7-ADA1-4307-8789-3E0F00DDDE13}.Debug|ARM.Build.0 = Debug|ARM
		{7D316FB7-ADA1-4307-8789-3E0F00DDDE13}.Debug|ARM.Deploy.0 = Debug|ARM
		{7D316FB7-ADA1-4307-8789-3E0F00DDDE13}.Debug|ARM64.ActiveCfg = Debug|ARM64
		{7D316FB7-ADA1-4307-8789-3E0F00DDDE13}.Debug|ARM64.Build.0 = Debug|ARM64
		{7D316FB7-ADA1-4307-8789-3E0F00DDDE13}.Debug|ARM64.Deploy.0 = Debug|ARM64
		{7D316FB7-ADA1-4307-8789-3E0F00DDDE13}.Debug|x64.ActiveCfg = Debug|x64
		{7D316FB7-ADA1-4307-8789-3E0F00DDDE13}.Debug|x64.Build.0 = Debug|x64
		{7D316FB7-ADA1-4307-8789-3E0F00DDDE13}.Debug|x64.Deploy.0 = Debug|x64
		{7D316FB7-ADA1-4307-8789-3E0F00DDDE13}.Debug|x86.ActiveCfg = Debug|x86
		{7D316FB7-ADA1-4307-8789-3E0F00DDDE13}.Debug|x86.Build.0 = Debug|x86
		{7D316FB7-ADA1-4307-8789-3E0F00DDDE13}.Debug|x86.Deploy.0 = Debug|x86
		{7D316FB7-ADA1-4307-8789-3E0F00DDDE13}.Release|ARM.ActiveCfg = Release|ARM
		{7D316FB7-ADA1-4307-8789-3E0F00DDDE13}.Release|ARM.Build.0 = Release|ARM
		{7D316FB7-ADA1-4307-8789-3E0F00DDDE13}.Release|ARM.Deploy.0 = Release|ARM
		{7D316FB7-ADA1-4307-8789-3E0F00DDDE13}.Release|ARM64.ActiveCfg = Release|ARM64
		{7D316FB7-ADA1-4307-8789-3E0F00DDDE13}.Release|ARM64.Build.0 = Release|ARM64
		{7D316FB7-ADA1-4307-8789-3E0F00DDDE13}.Release|ARM64.Deploy.0 = Release|ARM64
		{7D316FB7-ADA1-4307-8789-3E0F00DDDE13}.Release|x64.ActiveCfg = Release|x64
		{7D316FB7-ADA1-4307-8789-3E0F00DDDE13}.Release|x64.Build.0 = Release|x64
		{7D316FB7-ADA1-4307-8789-3E0F00DDDE13}.Release|x64.Deploy.0 = Release|x64
		{7D316FB7-ADA1-4307-8789-3E0F00DDDE13}.Release|x86.ActiveCfg = Release|x86
		{7D316FB7-ADA1-4307-8789-3E0F00DDDE13}.Release|x86.Build.0 = Release|x86
		{7D316FB7-ADA1-4307-8789-3E0F00DDDE13}.Release|x86.Deploy.0 = Release|x86
		{67693435-D373-4A24-9AE9-5D7705863F1A}.Debug|ARM.ActiveCfg = Debug|ARM
		{67693435-D373-4A24-9AE9-5D7705863F1A}.Debug|ARM.Build.0 = Debug|ARM
		{67693435-D373-4A24-9AE9-5D7705863F1A}.Debug|ARM.Deploy.0 = Debug|ARM
		{67693435-D373-4A24-9AE9-5D7705863F1A}.Debug|ARM64.ActiveCfg = Debug|ARM64
		{67693435-D373-4A24-9AE9-5D7705863F1A}.Debug|ARM64.Build.0 = Debug|ARM64
		{67693435-D373-4A24-9AE9-5D7705863F1A}.Debug|ARM64.Deploy.0 = Debug|ARM64
		{67693435-D373-4A24-9AE9-5D7705863F1A}.Debug|x64.ActiveCfg = Debug|x64
		{67693435-D373-4A24-9AE9-5D7705863F1A}.Debug|x64.Build.0 = Debug|x64
		{67693435-D373-4A24-9AE9-5D7705863F1A}.Debug|x64.Deploy.0 = Debug|x64
		{67693435-D373-4A24-9AE9-5D7705863F1A}.Debug|x86.ActiveCfg = Debug|x86
		{67693435-D373-4A24-9AE9-5D7705863F1A}.Debug|x86.Build.0 = Debug|x86
		{67693435-D373-4A24-9AE9-5D7705863F1A}.Debug|x86.Deploy.0 = Debug|x86
		{67693435-D373-4A24-9AE9-5D7705863F1A}.Release|ARM.ActiveCfg = Release|ARM
		{67693435-D373-4A24-9AE9-5D7705863F1A}.Release|ARM.Build.0 = Release|ARM
		{67693435-D373-4A24-9AE9-5D7705863F1A}.Release|ARM.Deploy.0 = Release|ARM
		{67693435-D373-4A24-9AE9-5D7705863F1A}.Release|ARM64.ActiveCfg = Release|ARM64
		{67693435-D373-4A24-9AE9-5D7705863F1A}.Release|ARM64.Build.0 = Release|ARM64
		{67693435-D373-4A24-9AE9-5D7705863F1A}.Release|ARM64.Deploy.0 = Release|ARM64
		{67693435-D373-4A24-9AE9-5D7705863F1A}.Release|x64.ActiveCfg = Release|x64
		{67693435-D373-4A24-9AE9-5D7705863F1A}.Release|x64.Build.0 = Release|x64
		{67693435-D373-4A24-9AE9-5D7705863F1A}.Release|x64.Deploy.0 = Release|x64
		{67693435-D373-4A24-9AE9-5D7705863F1A}.Release|x86.ActiveCfg = Release|x86
		{67693435-D373-4A24-9AE9-5D7705863F1A}.Release|x86.Build.0 = Release|x86
		{67693435-D373-4A24-9AE9-5D7705863F1A}.Release|x86.Deploy.0 = Release|x86
		{471C5A0C-3AF8-4791-88F5-3EF400B28B76}.Debug|ARM.ActiveCfg = Debug|ARM
		{471C5A0C-3AF8-4791-88F5-3EF400B28B76}.Debug|ARM.Build.0 = Debug|ARM
		{471C5A0C-3AF8-4791-88F5-3EF400B28B76}.Debug|ARM.Deploy.0 = Debug|ARM
		{471C5A0C-3AF8-4791-88F5-3EF400B28B76}.Debug|ARM64.ActiveCfg = Debug|ARM64
		{471C5A0C-3AF8-4791-88F5-3EF400B28B76}.Debug|ARM64.Build.0 = Debug|ARM64
		{471C5A0C-3AF8-4791-88F5-3EF400B28B76}.Debug|ARM64.Deploy.0 = Debug|ARM64
		{471C5A0C-3AF8-4791-88F5-3EF400B28B76}.Debug|x64.ActiveCfg = Debug|x64
		{471C5A0C-3AF8-4791-88F5-3EF400B28B76}.Debug|x64.Build.0 = Debug|x64
		{471C5A0C-3AF8-4791-88F5-3EF400B28B76}.Debug|x64.Deploy.0 = Debug|x64
		{471C5A0C-3AF8-4791-88F5-3EF400B28B76}.Debug|x86.ActiveCfg = Debug|x86
		{471C5A0C-3AF8-4791-88F5-3EF400B28B76}.Debug|x86.Build.0 = Debug|x86
		{471C5A0C-3AF8-4791-88F5-3EF400B28B76}.Debug|x86.Deploy.0 = Debug|x86
		{471C5A0C-3AF8-4791-88F5-3EF400B28B76}.Release|ARM.ActiveCfg = Release|ARM
		{471C5A0C-3AF8-4791-88F5-3EF400B28B76}.Release|ARM.Build.0 = Release|ARM
		{471C5A0C-3AF8-4791-88F5-3EF400B28B76}.Release|ARM.Deploy.0 = Release|ARM
		{471C5A0C-3AF8-4791-88F5-3EF400B28B76}.Release|ARM64.ActiveCfg = Release|ARM64
		{471C5A0C-3AF8-4791-88F5-3EF400B28B76}.Release|ARM64.Build.0 = Release|ARM64
		{471C5A0C-3AF8-4791-88F5-3EF400B28B76}.Release|ARM64.Deploy.0 = Release|ARM64
		{471C5A0C-3AF8-4791-88F5-3EF400B28B76}.Release|x64.ActiveCfg = Release|x64
		{471C5A0C-3AF8-4791-88F5-3EF400B28B76}.Release|x64.Build.0 = Release|x64
		{471C5A0C-3AF8-4791-88F5-3EF400B28B76}.Release|x64.Deploy.0 = Release|x64
		{471C5A0C-3AF8-4791-88F5-3EF400B28B76}.Release|x86.ActiveCfg = Release|x86
		{471C5A0C-3AF8-4791-88F5-3EF400B28B76}.Release|x86.Build.0 = Release|x86
		{471C5A0C-3AF8-4791-88F5-3EF400B28B76}.Release|x86.Deploy.0 = Release|x86
	EndGlobalSection
	GlobalSection(SolutionProperties) = preSolution
		HideSolutionNode = FALSE
	EndGlobalSection
	GlobalSection(ExtensibilityGlobals) = postSolution
		SolutionGuid = {73D1460D-16DE-44E3-9CBF-30ABC992A5E0}
	EndGlobalSection
EndGlobal
